<?xml version="1.0" encoding="utf-8"?>
<Project ToolsVersion="17.0" xmlns="http://schemas.microsoft.com/developer/msbuild/2003">
  <ItemGroup>
    <CustomBuild Include="D:\coc1\coc3\proj.win32\CMakeFiles\322bd969981fe97e6ada2f5cea3d0fd1\generate.stamp.rule">
      <Filter>CMake Rules</Filter>
    </CustomBuild>
  </ItemGroup>
  <ItemGroup>
    <Filter Include="CMake Rules">
      <UniqueIdentifier>{8FE0D431-3B6B-3E77-A33A-577ADEE10AB5}</UniqueIdentifier>
    </Filter>
  </ItemGroup>
</Project>
