
Microsoft Visual Studio Solution File, Format Version 12.00
# Visual Studio Version 17
Project("{2150E333-8FDC-42A3-9474-1A3956D46DE8}") = "CMakePredefinedTargets", "CMakePredefinedTargets", "{F727A88A-DD6A-3D86-8EA1-B6CCDD911092}"
EndProject
Project("{2150E333-8FDC-42A3-9474-1A3956D46DE8}") = "External", "External", "{99E56E02-7DBC-3CE0-BE70-8C78CC3D8AC2}"
EndProject
Project("{2150E333-8FDC-42A3-9474-1A3956D46DE8}") = "Internal", "Internal", "{0BCF0BD7-CA87-3CFA-A586-1950C4445047}"
EndProject
Project("{8BC9CEB8-8B4A-11D0-8D11-00A0C91BC942}") = "ALL_BUILD", "ALL_BUILD.vcxproj", "{91DD627D-4435-31B0-B2B8-2003F23BC9A9}"
	ProjectSection(ProjectDependencies) = postProject
		{17645A68-4E5B-33CF-8B32-67EC5E7BBFE0} = {17645A68-4E5B-33CF-8B32-67EC5E7BBFE0}
		{40C10153-8221-3EB7-B75F-BA894CE9FCDE} = {40C10153-8221-3EB7-B75F-BA894CE9FCDE}
		{A249E48D-AACD-3D77-9570-C52210CE1DAE} = {A249E48D-AACD-3D77-9570-C52210CE1DAE}
		{6BC59CAF-7BB3-3E03-8A87-BD4076F2B03C} = {6BC59CAF-7BB3-3E03-8A87-BD4076F2B03C}
		{8107C824-4F23-332B-A8AA-38A09C4B7266} = {8107C824-4F23-332B-A8AA-38A09C4B7266}
		{34B4999B-0503-3AF4-A3C2-3E280BA49E2C} = {34B4999B-0503-3AF4-A3C2-3E280BA49E2C}
		{87662BAF-FE14-353F-99A2-875D3D95DCE0} = {87662BAF-FE14-353F-99A2-875D3D95DCE0}
		{F367BCEE-C232-3CEF-9F13-D5759174B460} = {F367BCEE-C232-3CEF-9F13-D5759174B460}
		{5CDC3FC4-11C2-3E2F-8AFB-C48C6117C7F1} = {5CDC3FC4-11C2-3E2F-8AFB-C48C6117C7F1}
		{4DAEE0B7-FC96-3E9E-99C3-A6E559424F11} = {4DAEE0B7-FC96-3E9E-99C3-A6E559424F11}
		{4FD415AD-19A3-3ED1-AE3B-49D2875D6D84} = {4FD415AD-19A3-3ED1-AE3B-49D2875D6D84}
		{E0943670-E4BF-383E-8D49-3F250873AC8E} = {E0943670-E4BF-383E-8D49-3F250873AC8E}
		{F6558C12-E7A7-3137-84CB-4CED7EE0A2A9} = {F6558C12-E7A7-3137-84CB-4CED7EE0A2A9}
	EndProjectSection
EndProject
Project("{8BC9CEB8-8B4A-11D0-8D11-00A0C91BC942}") = "ZERO_CHECK", "..\..\..\\ZERO_CHECK.vcxproj", "{17645A68-4E5B-33CF-8B32-67EC5E7BBFE0}"
	ProjectSection(ProjectDependencies) = postProject
	EndProjectSection
EndProject
Project("{8BC9CEB8-8B4A-11D0-8D11-00A0C91BC942}") = "cocos2d", "cocos2d.vcxproj", "{40C10153-8221-3EB7-B75F-BA894CE9FCDE}"
	ProjectSection(ProjectDependencies) = postProject
		{17645A68-4E5B-33CF-8B32-67EC5E7BBFE0} = {17645A68-4E5B-33CF-8B32-67EC5E7BBFE0}
		{A249E48D-AACD-3D77-9570-C52210CE1DAE} = {A249E48D-AACD-3D77-9570-C52210CE1DAE}
		{6BC59CAF-7BB3-3E03-8A87-BD4076F2B03C} = {6BC59CAF-7BB3-3E03-8A87-BD4076F2B03C}
		{8107C824-4F23-332B-A8AA-38A09C4B7266} = {8107C824-4F23-332B-A8AA-38A09C4B7266}
		{34B4999B-0503-3AF4-A3C2-3E280BA49E2C} = {34B4999B-0503-3AF4-A3C2-3E280BA49E2C}
		{87662BAF-FE14-353F-99A2-875D3D95DCE0} = {87662BAF-FE14-353F-99A2-875D3D95DCE0}
		{F367BCEE-C232-3CEF-9F13-D5759174B460} = {F367BCEE-C232-3CEF-9F13-D5759174B460}
		{5CDC3FC4-11C2-3E2F-8AFB-C48C6117C7F1} = {5CDC3FC4-11C2-3E2F-8AFB-C48C6117C7F1}
		{4DAEE0B7-FC96-3E9E-99C3-A6E559424F11} = {4DAEE0B7-FC96-3E9E-99C3-A6E559424F11}
		{4FD415AD-19A3-3ED1-AE3B-49D2875D6D84} = {4FD415AD-19A3-3ED1-AE3B-49D2875D6D84}
		{E0943670-E4BF-383E-8D49-3F250873AC8E} = {E0943670-E4BF-383E-8D49-3F250873AC8E}
		{F6558C12-E7A7-3137-84CB-4CED7EE0A2A9} = {F6558C12-E7A7-3137-84CB-4CED7EE0A2A9}
	EndProjectSection
EndProject
Project("{8BC9CEB8-8B4A-11D0-8D11-00A0C91BC942}") = "ext_clipper", "..\..\external\clipper\ext_clipper.vcxproj", "{A249E48D-AACD-3D77-9570-C52210CE1DAE}"
	ProjectSection(ProjectDependencies) = postProject
		{17645A68-4E5B-33CF-8B32-67EC5E7BBFE0} = {17645A68-4E5B-33CF-8B32-67EC5E7BBFE0}
	EndProjectSection
EndProject
Project("{8BC9CEB8-8B4A-11D0-8D11-00A0C91BC942}") = "ext_convertUTF", "..\..\external\ConvertUTF\ext_convertUTF.vcxproj", "{6BC59CAF-7BB3-3E03-8A87-BD4076F2B03C}"
	ProjectSection(ProjectDependencies) = postProject
		{17645A68-4E5B-33CF-8B32-67EC5E7BBFE0} = {17645A68-4E5B-33CF-8B32-67EC5E7BBFE0}
	EndProjectSection
EndProject
Project("{8BC9CEB8-8B4A-11D0-8D11-00A0C91BC942}") = "ext_edtaa3func", "..\..\external\edtaa3func\ext_edtaa3func.vcxproj", "{8107C824-4F23-332B-A8AA-38A09C4B7266}"
	ProjectSection(ProjectDependencies) = postProject
		{17645A68-4E5B-33CF-8B32-67EC5E7BBFE0} = {17645A68-4E5B-33CF-8B32-67EC5E7BBFE0}
	EndProjectSection
EndProject
Project("{8BC9CEB8-8B4A-11D0-8D11-00A0C91BC942}") = "ext_md5", "..\..\external\md5\ext_md5.vcxproj", "{34B4999B-0503-3AF4-A3C2-3E280BA49E2C}"
	ProjectSection(ProjectDependencies) = postProject
		{17645A68-4E5B-33CF-8B32-67EC5E7BBFE0} = {17645A68-4E5B-33CF-8B32-67EC5E7BBFE0}
	EndProjectSection
EndProject
Project("{8BC9CEB8-8B4A-11D0-8D11-00A0C91BC942}") = "ext_poly2tri", "..\..\external\poly2tri\ext_poly2tri.vcxproj", "{87662BAF-FE14-353F-99A2-875D3D95DCE0}"
	ProjectSection(ProjectDependencies) = postProject
		{17645A68-4E5B-33CF-8B32-67EC5E7BBFE0} = {17645A68-4E5B-33CF-8B32-67EC5E7BBFE0}
	EndProjectSection
EndProject
Project("{8BC9CEB8-8B4A-11D0-8D11-00A0C91BC942}") = "ext_recast", "..\..\external\recast\ext_recast.vcxproj", "{F367BCEE-C232-3CEF-9F13-D5759174B460}"
	ProjectSection(ProjectDependencies) = postProject
		{17645A68-4E5B-33CF-8B32-67EC5E7BBFE0} = {17645A68-4E5B-33CF-8B32-67EC5E7BBFE0}
	EndProjectSection
EndProject
Project("{8BC9CEB8-8B4A-11D0-8D11-00A0C91BC942}") = "ext_tinyxml2", "..\..\external\tinyxml2\ext_tinyxml2.vcxproj", "{5CDC3FC4-11C2-3E2F-8AFB-C48C6117C7F1}"
	ProjectSection(ProjectDependencies) = postProject
		{17645A68-4E5B-33CF-8B32-67EC5E7BBFE0} = {17645A68-4E5B-33CF-8B32-67EC5E7BBFE0}
	EndProjectSection
EndProject
Project("{8BC9CEB8-8B4A-11D0-8D11-00A0C91BC942}") = "ext_unzip", "..\..\external\unzip\ext_unzip.vcxproj", "{4DAEE0B7-FC96-3E9E-99C3-A6E559424F11}"
	ProjectSection(ProjectDependencies) = postProject
		{17645A68-4E5B-33CF-8B32-67EC5E7BBFE0} = {17645A68-4E5B-33CF-8B32-67EC5E7BBFE0}
	EndProjectSection
EndProject
Project("{8BC9CEB8-8B4A-11D0-8D11-00A0C91BC942}") = "ext_xxhash", "..\..\external\xxhash\ext_xxhash.vcxproj", "{4FD415AD-19A3-3ED1-AE3B-49D2875D6D84}"
	ProjectSection(ProjectDependencies) = postProject
		{17645A68-4E5B-33CF-8B32-67EC5E7BBFE0} = {17645A68-4E5B-33CF-8B32-67EC5E7BBFE0}
	EndProjectSection
EndProject
Project("{8BC9CEB8-8B4A-11D0-8D11-00A0C91BC942}") = "ext_xxtea", "..\..\external\xxtea\ext_xxtea.vcxproj", "{E0943670-E4BF-383E-8D49-3F250873AC8E}"
	ProjectSection(ProjectDependencies) = postProject
		{17645A68-4E5B-33CF-8B32-67EC5E7BBFE0} = {17645A68-4E5B-33CF-8B32-67EC5E7BBFE0}
	EndProjectSection
EndProject
Project("{8BC9CEB8-8B4A-11D0-8D11-00A0C91BC942}") = "external", "..\..\external\external.vcxproj", "{F6558C12-E7A7-3137-84CB-4CED7EE0A2A9}"
	ProjectSection(ProjectDependencies) = postProject
		{17645A68-4E5B-33CF-8B32-67EC5E7BBFE0} = {17645A68-4E5B-33CF-8B32-67EC5E7BBFE0}
		{A249E48D-AACD-3D77-9570-C52210CE1DAE} = {A249E48D-AACD-3D77-9570-C52210CE1DAE}
		{6BC59CAF-7BB3-3E03-8A87-BD4076F2B03C} = {6BC59CAF-7BB3-3E03-8A87-BD4076F2B03C}
		{8107C824-4F23-332B-A8AA-38A09C4B7266} = {8107C824-4F23-332B-A8AA-38A09C4B7266}
		{34B4999B-0503-3AF4-A3C2-3E280BA49E2C} = {34B4999B-0503-3AF4-A3C2-3E280BA49E2C}
		{87662BAF-FE14-353F-99A2-875D3D95DCE0} = {87662BAF-FE14-353F-99A2-875D3D95DCE0}
		{F367BCEE-C232-3CEF-9F13-D5759174B460} = {F367BCEE-C232-3CEF-9F13-D5759174B460}
		{5CDC3FC4-11C2-3E2F-8AFB-C48C6117C7F1} = {5CDC3FC4-11C2-3E2F-8AFB-C48C6117C7F1}
		{4DAEE0B7-FC96-3E9E-99C3-A6E559424F11} = {4DAEE0B7-FC96-3E9E-99C3-A6E559424F11}
		{4FD415AD-19A3-3ED1-AE3B-49D2875D6D84} = {4FD415AD-19A3-3ED1-AE3B-49D2875D6D84}
		{E0943670-E4BF-383E-8D49-3F250873AC8E} = {E0943670-E4BF-383E-8D49-3F250873AC8E}
	EndProjectSection
EndProject
Global
	GlobalSection(SolutionConfigurationPlatforms) = preSolution
		Debug|Win32 = Debug|Win32
		Release|Win32 = Release|Win32
		MinSizeRel|Win32 = MinSizeRel|Win32
		RelWithDebInfo|Win32 = RelWithDebInfo|Win32
	EndGlobalSection
	GlobalSection(ProjectConfigurationPlatforms) = postSolution
		{91DD627D-4435-31B0-B2B8-2003F23BC9A9}.Debug|Win32.ActiveCfg = Debug|Win32
		{91DD627D-4435-31B0-B2B8-2003F23BC9A9}.Release|Win32.ActiveCfg = Release|Win32
		{91DD627D-4435-31B0-B2B8-2003F23BC9A9}.MinSizeRel|Win32.ActiveCfg = MinSizeRel|Win32
		{91DD627D-4435-31B0-B2B8-2003F23BC9A9}.RelWithDebInfo|Win32.ActiveCfg = RelWithDebInfo|Win32
		{17645A68-4E5B-33CF-8B32-67EC5E7BBFE0}.Debug|Win32.ActiveCfg = Debug|Win32
		{17645A68-4E5B-33CF-8B32-67EC5E7BBFE0}.Debug|Win32.Build.0 = Debug|Win32
		{17645A68-4E5B-33CF-8B32-67EC5E7BBFE0}.Release|Win32.ActiveCfg = Release|Win32
		{17645A68-4E5B-33CF-8B32-67EC5E7BBFE0}.Release|Win32.Build.0 = Release|Win32
		{17645A68-4E5B-33CF-8B32-67EC5E7BBFE0}.MinSizeRel|Win32.ActiveCfg = MinSizeRel|Win32
		{17645A68-4E5B-33CF-8B32-67EC5E7BBFE0}.MinSizeRel|Win32.Build.0 = MinSizeRel|Win32
		{17645A68-4E5B-33CF-8B32-67EC5E7BBFE0}.RelWithDebInfo|Win32.ActiveCfg = RelWithDebInfo|Win32
		{17645A68-4E5B-33CF-8B32-67EC5E7BBFE0}.RelWithDebInfo|Win32.Build.0 = RelWithDebInfo|Win32
		{40C10153-8221-3EB7-B75F-BA894CE9FCDE}.Debug|Win32.ActiveCfg = Debug|Win32
		{40C10153-8221-3EB7-B75F-BA894CE9FCDE}.Debug|Win32.Build.0 = Debug|Win32
		{40C10153-8221-3EB7-B75F-BA894CE9FCDE}.Release|Win32.ActiveCfg = Release|Win32
		{40C10153-8221-3EB7-B75F-BA894CE9FCDE}.Release|Win32.Build.0 = Release|Win32
		{40C10153-8221-3EB7-B75F-BA894CE9FCDE}.MinSizeRel|Win32.ActiveCfg = MinSizeRel|Win32
		{40C10153-8221-3EB7-B75F-BA894CE9FCDE}.MinSizeRel|Win32.Build.0 = MinSizeRel|Win32
		{40C10153-8221-3EB7-B75F-BA894CE9FCDE}.RelWithDebInfo|Win32.ActiveCfg = RelWithDebInfo|Win32
		{40C10153-8221-3EB7-B75F-BA894CE9FCDE}.RelWithDebInfo|Win32.Build.0 = RelWithDebInfo|Win32
		{A249E48D-AACD-3D77-9570-C52210CE1DAE}.Debug|Win32.ActiveCfg = Debug|Win32
		{A249E48D-AACD-3D77-9570-C52210CE1DAE}.Debug|Win32.Build.0 = Debug|Win32
		{A249E48D-AACD-3D77-9570-C52210CE1DAE}.Release|Win32.ActiveCfg = Release|Win32
		{A249E48D-AACD-3D77-9570-C52210CE1DAE}.Release|Win32.Build.0 = Release|Win32
		{A249E48D-AACD-3D77-9570-C52210CE1DAE}.MinSizeRel|Win32.ActiveCfg = MinSizeRel|Win32
		{A249E48D-AACD-3D77-9570-C52210CE1DAE}.MinSizeRel|Win32.Build.0 = MinSizeRel|Win32
		{A249E48D-AACD-3D77-9570-C52210CE1DAE}.RelWithDebInfo|Win32.ActiveCfg = RelWithDebInfo|Win32
		{A249E48D-AACD-3D77-9570-C52210CE1DAE}.RelWithDebInfo|Win32.Build.0 = RelWithDebInfo|Win32
		{6BC59CAF-7BB3-3E03-8A87-BD4076F2B03C}.Debug|Win32.ActiveCfg = Debug|Win32
		{6BC59CAF-7BB3-3E03-8A87-BD4076F2B03C}.Debug|Win32.Build.0 = Debug|Win32
		{6BC59CAF-7BB3-3E03-8A87-BD4076F2B03C}.Release|Win32.ActiveCfg = Release|Win32
		{6BC59CAF-7BB3-3E03-8A87-BD4076F2B03C}.Release|Win32.Build.0 = Release|Win32
		{6BC59CAF-7BB3-3E03-8A87-BD4076F2B03C}.MinSizeRel|Win32.ActiveCfg = MinSizeRel|Win32
		{6BC59CAF-7BB3-3E03-8A87-BD4076F2B03C}.MinSizeRel|Win32.Build.0 = MinSizeRel|Win32
		{6BC59CAF-7BB3-3E03-8A87-BD4076F2B03C}.RelWithDebInfo|Win32.ActiveCfg = RelWithDebInfo|Win32
		{6BC59CAF-7BB3-3E03-8A87-BD4076F2B03C}.RelWithDebInfo|Win32.Build.0 = RelWithDebInfo|Win32
		{8107C824-4F23-332B-A8AA-38A09C4B7266}.Debug|Win32.ActiveCfg = Debug|Win32
		{8107C824-4F23-332B-A8AA-38A09C4B7266}.Debug|Win32.Build.0 = Debug|Win32
		{8107C824-4F23-332B-A8AA-38A09C4B7266}.Release|Win32.ActiveCfg = Release|Win32
		{8107C824-4F23-332B-A8AA-38A09C4B7266}.Release|Win32.Build.0 = Release|Win32
		{8107C824-4F23-332B-A8AA-38A09C4B7266}.MinSizeRel|Win32.ActiveCfg = MinSizeRel|Win32
		{8107C824-4F23-332B-A8AA-38A09C4B7266}.MinSizeRel|Win32.Build.0 = MinSizeRel|Win32
		{8107C824-4F23-332B-A8AA-38A09C4B7266}.RelWithDebInfo|Win32.ActiveCfg = RelWithDebInfo|Win32
		{8107C824-4F23-332B-A8AA-38A09C4B7266}.RelWithDebInfo|Win32.Build.0 = RelWithDebInfo|Win32
		{34B4999B-0503-3AF4-A3C2-3E280BA49E2C}.Debug|Win32.ActiveCfg = Debug|Win32
		{34B4999B-0503-3AF4-A3C2-3E280BA49E2C}.Debug|Win32.Build.0 = Debug|Win32
		{34B4999B-0503-3AF4-A3C2-3E280BA49E2C}.Release|Win32.ActiveCfg = Release|Win32
		{34B4999B-0503-3AF4-A3C2-3E280BA49E2C}.Release|Win32.Build.0 = Release|Win32
		{34B4999B-0503-3AF4-A3C2-3E280BA49E2C}.MinSizeRel|Win32.ActiveCfg = MinSizeRel|Win32
		{34B4999B-0503-3AF4-A3C2-3E280BA49E2C}.MinSizeRel|Win32.Build.0 = MinSizeRel|Win32
		{34B4999B-0503-3AF4-A3C2-3E280BA49E2C}.RelWithDebInfo|Win32.ActiveCfg = RelWithDebInfo|Win32
		{34B4999B-0503-3AF4-A3C2-3E280BA49E2C}.RelWithDebInfo|Win32.Build.0 = RelWithDebInfo|Win32
		{87662BAF-FE14-353F-99A2-875D3D95DCE0}.Debug|Win32.ActiveCfg = Debug|Win32
		{87662BAF-FE14-353F-99A2-875D3D95DCE0}.Debug|Win32.Build.0 = Debug|Win32
		{87662BAF-FE14-353F-99A2-875D3D95DCE0}.Release|Win32.ActiveCfg = Release|Win32
		{87662BAF-FE14-353F-99A2-875D3D95DCE0}.Release|Win32.Build.0 = Release|Win32
		{87662BAF-FE14-353F-99A2-875D3D95DCE0}.MinSizeRel|Win32.ActiveCfg = MinSizeRel|Win32
		{87662BAF-FE14-353F-99A2-875D3D95DCE0}.MinSizeRel|Win32.Build.0 = MinSizeRel|Win32
		{87662BAF-FE14-353F-99A2-875D3D95DCE0}.RelWithDebInfo|Win32.ActiveCfg = RelWithDebInfo|Win32
		{87662BAF-FE14-353F-99A2-875D3D95DCE0}.RelWithDebInfo|Win32.Build.0 = RelWithDebInfo|Win32
		{F367BCEE-C232-3CEF-9F13-D5759174B460}.Debug|Win32.ActiveCfg = Debug|Win32
		{F367BCEE-C232-3CEF-9F13-D5759174B460}.Debug|Win32.Build.0 = Debug|Win32
		{F367BCEE-C232-3CEF-9F13-D5759174B460}.Release|Win32.ActiveCfg = Release|Win32
		{F367BCEE-C232-3CEF-9F13-D5759174B460}.Release|Win32.Build.0 = Release|Win32
		{F367BCEE-C232-3CEF-9F13-D5759174B460}.MinSizeRel|Win32.ActiveCfg = MinSizeRel|Win32
		{F367BCEE-C232-3CEF-9F13-D5759174B460}.MinSizeRel|Win32.Build.0 = MinSizeRel|Win32
		{F367BCEE-C232-3CEF-9F13-D5759174B460}.RelWithDebInfo|Win32.ActiveCfg = RelWithDebInfo|Win32
		{F367BCEE-C232-3CEF-9F13-D5759174B460}.RelWithDebInfo|Win32.Build.0 = RelWithDebInfo|Win32
		{5CDC3FC4-11C2-3E2F-8AFB-C48C6117C7F1}.Debug|Win32.ActiveCfg = Debug|Win32
		{5CDC3FC4-11C2-3E2F-8AFB-C48C6117C7F1}.Debug|Win32.Build.0 = Debug|Win32
		{5CDC3FC4-11C2-3E2F-8AFB-C48C6117C7F1}.Release|Win32.ActiveCfg = Release|Win32
		{5CDC3FC4-11C2-3E2F-8AFB-C48C6117C7F1}.Release|Win32.Build.0 = Release|Win32
		{5CDC3FC4-11C2-3E2F-8AFB-C48C6117C7F1}.MinSizeRel|Win32.ActiveCfg = MinSizeRel|Win32
		{5CDC3FC4-11C2-3E2F-8AFB-C48C6117C7F1}.MinSizeRel|Win32.Build.0 = MinSizeRel|Win32
		{5CDC3FC4-11C2-3E2F-8AFB-C48C6117C7F1}.RelWithDebInfo|Win32.ActiveCfg = RelWithDebInfo|Win32
		{5CDC3FC4-11C2-3E2F-8AFB-C48C6117C7F1}.RelWithDebInfo|Win32.Build.0 = RelWithDebInfo|Win32
		{4DAEE0B7-FC96-3E9E-99C3-A6E559424F11}.Debug|Win32.ActiveCfg = Debug|Win32
		{4DAEE0B7-FC96-3E9E-99C3-A6E559424F11}.Debug|Win32.Build.0 = Debug|Win32
		{4DAEE0B7-FC96-3E9E-99C3-A6E559424F11}.Release|Win32.ActiveCfg = Release|Win32
		{4DAEE0B7-FC96-3E9E-99C3-A6E559424F11}.Release|Win32.Build.0 = Release|Win32
		{4DAEE0B7-FC96-3E9E-99C3-A6E559424F11}.MinSizeRel|Win32.ActiveCfg = MinSizeRel|Win32
		{4DAEE0B7-FC96-3E9E-99C3-A6E559424F11}.MinSizeRel|Win32.Build.0 = MinSizeRel|Win32
		{4DAEE0B7-FC96-3E9E-99C3-A6E559424F11}.RelWithDebInfo|Win32.ActiveCfg = RelWithDebInfo|Win32
		{4DAEE0B7-FC96-3E9E-99C3-A6E559424F11}.RelWithDebInfo|Win32.Build.0 = RelWithDebInfo|Win32
		{4FD415AD-19A3-3ED1-AE3B-49D2875D6D84}.Debug|Win32.ActiveCfg = Debug|Win32
		{4FD415AD-19A3-3ED1-AE3B-49D2875D6D84}.Debug|Win32.Build.0 = Debug|Win32
		{4FD415AD-19A3-3ED1-AE3B-49D2875D6D84}.Release|Win32.ActiveCfg = Release|Win32
		{4FD415AD-19A3-3ED1-AE3B-49D2875D6D84}.Release|Win32.Build.0 = Release|Win32
		{4FD415AD-19A3-3ED1-AE3B-49D2875D6D84}.MinSizeRel|Win32.ActiveCfg = MinSizeRel|Win32
		{4FD415AD-19A3-3ED1-AE3B-49D2875D6D84}.MinSizeRel|Win32.Build.0 = MinSizeRel|Win32
		{4FD415AD-19A3-3ED1-AE3B-49D2875D6D84}.RelWithDebInfo|Win32.ActiveCfg = RelWithDebInfo|Win32
		{4FD415AD-19A3-3ED1-AE3B-49D2875D6D84}.RelWithDebInfo|Win32.Build.0 = RelWithDebInfo|Win32
		{E0943670-E4BF-383E-8D49-3F250873AC8E}.Debug|Win32.ActiveCfg = Debug|Win32
		{E0943670-E4BF-383E-8D49-3F250873AC8E}.Debug|Win32.Build.0 = Debug|Win32
		{E0943670-E4BF-383E-8D49-3F250873AC8E}.Release|Win32.ActiveCfg = Release|Win32
		{E0943670-E4BF-383E-8D49-3F250873AC8E}.Release|Win32.Build.0 = Release|Win32
		{E0943670-E4BF-383E-8D49-3F250873AC8E}.MinSizeRel|Win32.ActiveCfg = MinSizeRel|Win32
		{E0943670-E4BF-383E-8D49-3F250873AC8E}.MinSizeRel|Win32.Build.0 = MinSizeRel|Win32
		{E0943670-E4BF-383E-8D49-3F250873AC8E}.RelWithDebInfo|Win32.ActiveCfg = RelWithDebInfo|Win32
		{E0943670-E4BF-383E-8D49-3F250873AC8E}.RelWithDebInfo|Win32.Build.0 = RelWithDebInfo|Win32
		{F6558C12-E7A7-3137-84CB-4CED7EE0A2A9}.Debug|Win32.ActiveCfg = Debug|Win32
		{F6558C12-E7A7-3137-84CB-4CED7EE0A2A9}.Debug|Win32.Build.0 = Debug|Win32
		{F6558C12-E7A7-3137-84CB-4CED7EE0A2A9}.Release|Win32.ActiveCfg = Release|Win32
		{F6558C12-E7A7-3137-84CB-4CED7EE0A2A9}.Release|Win32.Build.0 = Release|Win32
		{F6558C12-E7A7-3137-84CB-4CED7EE0A2A9}.MinSizeRel|Win32.ActiveCfg = MinSizeRel|Win32
		{F6558C12-E7A7-3137-84CB-4CED7EE0A2A9}.MinSizeRel|Win32.Build.0 = MinSizeRel|Win32
		{F6558C12-E7A7-3137-84CB-4CED7EE0A2A9}.RelWithDebInfo|Win32.ActiveCfg = RelWithDebInfo|Win32
		{F6558C12-E7A7-3137-84CB-4CED7EE0A2A9}.RelWithDebInfo|Win32.Build.0 = RelWithDebInfo|Win32
	EndGlobalSection
	GlobalSection(NestedProjects) = preSolution
		{91DD627D-4435-31B0-B2B8-2003F23BC9A9} = {F727A88A-DD6A-3D86-8EA1-B6CCDD911092}
		{17645A68-4E5B-33CF-8B32-67EC5E7BBFE0} = {F727A88A-DD6A-3D86-8EA1-B6CCDD911092}
		{A249E48D-AACD-3D77-9570-C52210CE1DAE} = {99E56E02-7DBC-3CE0-BE70-8C78CC3D8AC2}
		{6BC59CAF-7BB3-3E03-8A87-BD4076F2B03C} = {99E56E02-7DBC-3CE0-BE70-8C78CC3D8AC2}
		{8107C824-4F23-332B-A8AA-38A09C4B7266} = {99E56E02-7DBC-3CE0-BE70-8C78CC3D8AC2}
		{34B4999B-0503-3AF4-A3C2-3E280BA49E2C} = {99E56E02-7DBC-3CE0-BE70-8C78CC3D8AC2}
		{87662BAF-FE14-353F-99A2-875D3D95DCE0} = {99E56E02-7DBC-3CE0-BE70-8C78CC3D8AC2}
		{F367BCEE-C232-3CEF-9F13-D5759174B460} = {99E56E02-7DBC-3CE0-BE70-8C78CC3D8AC2}
		{5CDC3FC4-11C2-3E2F-8AFB-C48C6117C7F1} = {99E56E02-7DBC-3CE0-BE70-8C78CC3D8AC2}
		{4DAEE0B7-FC96-3E9E-99C3-A6E559424F11} = {99E56E02-7DBC-3CE0-BE70-8C78CC3D8AC2}
		{4FD415AD-19A3-3ED1-AE3B-49D2875D6D84} = {99E56E02-7DBC-3CE0-BE70-8C78CC3D8AC2}
		{E0943670-E4BF-383E-8D49-3F250873AC8E} = {99E56E02-7DBC-3CE0-BE70-8C78CC3D8AC2}
		{F6558C12-E7A7-3137-84CB-4CED7EE0A2A9} = {99E56E02-7DBC-3CE0-BE70-8C78CC3D8AC2}
		{40C10153-8221-3EB7-B75F-BA894CE9FCDE} = {0BCF0BD7-CA87-3CFA-A586-1950C4445047}
	EndGlobalSection
	GlobalSection(ExtensibilityGlobals) = postSolution
		SolutionGuid = {3BC03EB5-D418-32C7-B581-4A676A72223B}
	EndGlobalSection
	GlobalSection(ExtensibilityAddIns) = postSolution
	EndGlobalSection
EndGlobal
