
Microsoft Visual Studio Solution File, Format Version 12.00
# Visual Studio Version 17
Project("{2150E333-8FDC-42A3-9474-1A3956D46DE8}") = "CMakePredefinedTargets", "CMakePredefinedTargets", "{C411C42D-A3A9-3469-95A2-B4036DEB0AAA}"
EndProject
Project("{2150E333-8FDC-42A3-9474-1A3956D46DE8}") = "External", "External", "{44D4A253-8FA5-38F8-B536-99567853721A}"
EndProject
Project("{2150E333-8FDC-42A3-9474-1A3956D46DE8}") = "Internal", "Internal", "{842FA437-E3A8-32D3-9DF6-AB32FE89AFFB}"
EndProject
Project("{8BC9CEB8-8B4A-11D0-8D11-00A0C91BC942}") = "ALL_BUILD", "ALL_BUILD.vcxproj", "{848B57F4-25C7-3A4D-8BB3-4655D0C8B831}"
	ProjectSection(ProjectDependencies) = postProject
		{2416892D-D041-3C7A-A539-3A11B4F5DE6A} = {2416892D-D041-3C7A-A539-3A11B4F5DE6A}
		{E4FED826-DDB6-3CE6-87F5-547C847FE20D} = {E4FED826-DDB6-3CE6-87F5-547C847FE20D}
		{6536631A-1277-3316-AD41-8ABD16DDD9AB} = {6536631A-1277-3316-AD41-8ABD16DDD9AB}
		{11E6B119-41F0-3B21-9631-C2EC05828DD7} = {11E6B119-41F0-3B21-9631-C2EC05828DD7}
		{690C67CE-B119-371E-A2C9-E910C52BF44F} = {690C67CE-B119-371E-A2C9-E910C52BF44F}
		{61082F02-7B2A-3294-A61D-96B495E30BD8} = {61082F02-7B2A-3294-A61D-96B495E30BD8}
		{771EC8E4-A639-3253-BE12-2D932506AA40} = {771EC8E4-A639-3253-BE12-2D932506AA40}
		{FFD5EA71-B7EE-39CE-B78B-D50D09C855F8} = {FFD5EA71-B7EE-39CE-B78B-D50D09C855F8}
		{4A88DAA5-B847-3360-BE68-22E1E7EBB81F} = {4A88DAA5-B847-3360-BE68-22E1E7EBB81F}
		{16114BCF-8442-32DA-B5B2-E0F31CF4B5C3} = {16114BCF-8442-32DA-B5B2-E0F31CF4B5C3}
		{B161207E-FF1A-3E7F-AA91-E45876EC604B} = {B161207E-FF1A-3E7F-AA91-E45876EC604B}
		{7361E785-4920-34FD-AD0F-4C67F9F3568D} = {7361E785-4920-34FD-AD0F-4C67F9F3568D}
		{A238FE80-7212-3470-9C4F-FEA876F7F6EC} = {A238FE80-7212-3470-9C4F-FEA876F7F6EC}
	EndProjectSection
EndProject
Project("{8BC9CEB8-8B4A-11D0-8D11-00A0C91BC942}") = "ZERO_CHECK", "..\..\..\\ZERO_CHECK.vcxproj", "{2416892D-D041-3C7A-A539-3A11B4F5DE6A}"
	ProjectSection(ProjectDependencies) = postProject
	EndProjectSection
EndProject
Project("{8BC9CEB8-8B4A-11D0-8D11-00A0C91BC942}") = "cocos2d", "cocos2d.vcxproj", "{E4FED826-DDB6-3CE6-87F5-547C847FE20D}"
	ProjectSection(ProjectDependencies) = postProject
		{2416892D-D041-3C7A-A539-3A11B4F5DE6A} = {2416892D-D041-3C7A-A539-3A11B4F5DE6A}
		{6536631A-1277-3316-AD41-8ABD16DDD9AB} = {6536631A-1277-3316-AD41-8ABD16DDD9AB}
		{11E6B119-41F0-3B21-9631-C2EC05828DD7} = {11E6B119-41F0-3B21-9631-C2EC05828DD7}
		{690C67CE-B119-371E-A2C9-E910C52BF44F} = {690C67CE-B119-371E-A2C9-E910C52BF44F}
		{61082F02-7B2A-3294-A61D-96B495E30BD8} = {61082F02-7B2A-3294-A61D-96B495E30BD8}
		{771EC8E4-A639-3253-BE12-2D932506AA40} = {771EC8E4-A639-3253-BE12-2D932506AA40}
		{FFD5EA71-B7EE-39CE-B78B-D50D09C855F8} = {FFD5EA71-B7EE-39CE-B78B-D50D09C855F8}
		{4A88DAA5-B847-3360-BE68-22E1E7EBB81F} = {4A88DAA5-B847-3360-BE68-22E1E7EBB81F}
		{16114BCF-8442-32DA-B5B2-E0F31CF4B5C3} = {16114BCF-8442-32DA-B5B2-E0F31CF4B5C3}
		{B161207E-FF1A-3E7F-AA91-E45876EC604B} = {B161207E-FF1A-3E7F-AA91-E45876EC604B}
		{7361E785-4920-34FD-AD0F-4C67F9F3568D} = {7361E785-4920-34FD-AD0F-4C67F9F3568D}
		{A238FE80-7212-3470-9C4F-FEA876F7F6EC} = {A238FE80-7212-3470-9C4F-FEA876F7F6EC}
	EndProjectSection
EndProject
Project("{8BC9CEB8-8B4A-11D0-8D11-00A0C91BC942}") = "ext_clipper", "..\..\external\clipper\ext_clipper.vcxproj", "{6536631A-1277-3316-AD41-8ABD16DDD9AB}"
	ProjectSection(ProjectDependencies) = postProject
		{2416892D-D041-3C7A-A539-3A11B4F5DE6A} = {2416892D-D041-3C7A-A539-3A11B4F5DE6A}
	EndProjectSection
EndProject
Project("{8BC9CEB8-8B4A-11D0-8D11-00A0C91BC942}") = "ext_convertUTF", "..\..\external\ConvertUTF\ext_convertUTF.vcxproj", "{11E6B119-41F0-3B21-9631-C2EC05828DD7}"
	ProjectSection(ProjectDependencies) = postProject
		{2416892D-D041-3C7A-A539-3A11B4F5DE6A} = {2416892D-D041-3C7A-A539-3A11B4F5DE6A}
	EndProjectSection
EndProject
Project("{8BC9CEB8-8B4A-11D0-8D11-00A0C91BC942}") = "ext_edtaa3func", "..\..\external\edtaa3func\ext_edtaa3func.vcxproj", "{690C67CE-B119-371E-A2C9-E910C52BF44F}"
	ProjectSection(ProjectDependencies) = postProject
		{2416892D-D041-3C7A-A539-3A11B4F5DE6A} = {2416892D-D041-3C7A-A539-3A11B4F5DE6A}
	EndProjectSection
EndProject
Project("{8BC9CEB8-8B4A-11D0-8D11-00A0C91BC942}") = "ext_md5", "..\..\external\md5\ext_md5.vcxproj", "{61082F02-7B2A-3294-A61D-96B495E30BD8}"
	ProjectSection(ProjectDependencies) = postProject
		{2416892D-D041-3C7A-A539-3A11B4F5DE6A} = {2416892D-D041-3C7A-A539-3A11B4F5DE6A}
	EndProjectSection
EndProject
Project("{8BC9CEB8-8B4A-11D0-8D11-00A0C91BC942}") = "ext_poly2tri", "..\..\external\poly2tri\ext_poly2tri.vcxproj", "{771EC8E4-A639-3253-BE12-2D932506AA40}"
	ProjectSection(ProjectDependencies) = postProject
		{2416892D-D041-3C7A-A539-3A11B4F5DE6A} = {2416892D-D041-3C7A-A539-3A11B4F5DE6A}
	EndProjectSection
EndProject
Project("{8BC9CEB8-8B4A-11D0-8D11-00A0C91BC942}") = "ext_recast", "..\..\external\recast\ext_recast.vcxproj", "{FFD5EA71-B7EE-39CE-B78B-D50D09C855F8}"
	ProjectSection(ProjectDependencies) = postProject
		{2416892D-D041-3C7A-A539-3A11B4F5DE6A} = {2416892D-D041-3C7A-A539-3A11B4F5DE6A}
	EndProjectSection
EndProject
Project("{8BC9CEB8-8B4A-11D0-8D11-00A0C91BC942}") = "ext_tinyxml2", "..\..\external\tinyxml2\ext_tinyxml2.vcxproj", "{4A88DAA5-B847-3360-BE68-22E1E7EBB81F}"
	ProjectSection(ProjectDependencies) = postProject
		{2416892D-D041-3C7A-A539-3A11B4F5DE6A} = {2416892D-D041-3C7A-A539-3A11B4F5DE6A}
	EndProjectSection
EndProject
Project("{8BC9CEB8-8B4A-11D0-8D11-00A0C91BC942}") = "ext_unzip", "..\..\external\unzip\ext_unzip.vcxproj", "{16114BCF-8442-32DA-B5B2-E0F31CF4B5C3}"
	ProjectSection(ProjectDependencies) = postProject
		{2416892D-D041-3C7A-A539-3A11B4F5DE6A} = {2416892D-D041-3C7A-A539-3A11B4F5DE6A}
	EndProjectSection
EndProject
Project("{8BC9CEB8-8B4A-11D0-8D11-00A0C91BC942}") = "ext_xxhash", "..\..\external\xxhash\ext_xxhash.vcxproj", "{B161207E-FF1A-3E7F-AA91-E45876EC604B}"
	ProjectSection(ProjectDependencies) = postProject
		{2416892D-D041-3C7A-A539-3A11B4F5DE6A} = {2416892D-D041-3C7A-A539-3A11B4F5DE6A}
	EndProjectSection
EndProject
Project("{8BC9CEB8-8B4A-11D0-8D11-00A0C91BC942}") = "ext_xxtea", "..\..\external\xxtea\ext_xxtea.vcxproj", "{7361E785-4920-34FD-AD0F-4C67F9F3568D}"
	ProjectSection(ProjectDependencies) = postProject
		{2416892D-D041-3C7A-A539-3A11B4F5DE6A} = {2416892D-D041-3C7A-A539-3A11B4F5DE6A}
	EndProjectSection
EndProject
Project("{8BC9CEB8-8B4A-11D0-8D11-00A0C91BC942}") = "external", "..\..\external\external.vcxproj", "{A238FE80-7212-3470-9C4F-FEA876F7F6EC}"
	ProjectSection(ProjectDependencies) = postProject
		{2416892D-D041-3C7A-A539-3A11B4F5DE6A} = {2416892D-D041-3C7A-A539-3A11B4F5DE6A}
		{6536631A-1277-3316-AD41-8ABD16DDD9AB} = {6536631A-1277-3316-AD41-8ABD16DDD9AB}
		{11E6B119-41F0-3B21-9631-C2EC05828DD7} = {11E6B119-41F0-3B21-9631-C2EC05828DD7}
		{690C67CE-B119-371E-A2C9-E910C52BF44F} = {690C67CE-B119-371E-A2C9-E910C52BF44F}
		{61082F02-7B2A-3294-A61D-96B495E30BD8} = {61082F02-7B2A-3294-A61D-96B495E30BD8}
		{771EC8E4-A639-3253-BE12-2D932506AA40} = {771EC8E4-A639-3253-BE12-2D932506AA40}
		{FFD5EA71-B7EE-39CE-B78B-D50D09C855F8} = {FFD5EA71-B7EE-39CE-B78B-D50D09C855F8}
		{4A88DAA5-B847-3360-BE68-22E1E7EBB81F} = {4A88DAA5-B847-3360-BE68-22E1E7EBB81F}
		{16114BCF-8442-32DA-B5B2-E0F31CF4B5C3} = {16114BCF-8442-32DA-B5B2-E0F31CF4B5C3}
		{B161207E-FF1A-3E7F-AA91-E45876EC604B} = {B161207E-FF1A-3E7F-AA91-E45876EC604B}
		{7361E785-4920-34FD-AD0F-4C67F9F3568D} = {7361E785-4920-34FD-AD0F-4C67F9F3568D}
	EndProjectSection
EndProject
Global
	GlobalSection(SolutionConfigurationPlatforms) = preSolution
		Debug|Win32 = Debug|Win32
		Release|Win32 = Release|Win32
		MinSizeRel|Win32 = MinSizeRel|Win32
		RelWithDebInfo|Win32 = RelWithDebInfo|Win32
	EndGlobalSection
	GlobalSection(ProjectConfigurationPlatforms) = postSolution
		{848B57F4-25C7-3A4D-8BB3-4655D0C8B831}.Debug|Win32.ActiveCfg = Debug|Win32
		{848B57F4-25C7-3A4D-8BB3-4655D0C8B831}.Release|Win32.ActiveCfg = Release|Win32
		{848B57F4-25C7-3A4D-8BB3-4655D0C8B831}.MinSizeRel|Win32.ActiveCfg = MinSizeRel|Win32
		{848B57F4-25C7-3A4D-8BB3-4655D0C8B831}.RelWithDebInfo|Win32.ActiveCfg = RelWithDebInfo|Win32
		{2416892D-D041-3C7A-A539-3A11B4F5DE6A}.Debug|Win32.ActiveCfg = Debug|Win32
		{2416892D-D041-3C7A-A539-3A11B4F5DE6A}.Debug|Win32.Build.0 = Debug|Win32
		{2416892D-D041-3C7A-A539-3A11B4F5DE6A}.Release|Win32.ActiveCfg = Release|Win32
		{2416892D-D041-3C7A-A539-3A11B4F5DE6A}.Release|Win32.Build.0 = Release|Win32
		{2416892D-D041-3C7A-A539-3A11B4F5DE6A}.MinSizeRel|Win32.ActiveCfg = MinSizeRel|Win32
		{2416892D-D041-3C7A-A539-3A11B4F5DE6A}.MinSizeRel|Win32.Build.0 = MinSizeRel|Win32
		{2416892D-D041-3C7A-A539-3A11B4F5DE6A}.RelWithDebInfo|Win32.ActiveCfg = RelWithDebInfo|Win32
		{2416892D-D041-3C7A-A539-3A11B4F5DE6A}.RelWithDebInfo|Win32.Build.0 = RelWithDebInfo|Win32
		{E4FED826-DDB6-3CE6-87F5-547C847FE20D}.Debug|Win32.ActiveCfg = Debug|Win32
		{E4FED826-DDB6-3CE6-87F5-547C847FE20D}.Debug|Win32.Build.0 = Debug|Win32
		{E4FED826-DDB6-3CE6-87F5-547C847FE20D}.Release|Win32.ActiveCfg = Release|Win32
		{E4FED826-DDB6-3CE6-87F5-547C847FE20D}.Release|Win32.Build.0 = Release|Win32
		{E4FED826-DDB6-3CE6-87F5-547C847FE20D}.MinSizeRel|Win32.ActiveCfg = MinSizeRel|Win32
		{E4FED826-DDB6-3CE6-87F5-547C847FE20D}.MinSizeRel|Win32.Build.0 = MinSizeRel|Win32
		{E4FED826-DDB6-3CE6-87F5-547C847FE20D}.RelWithDebInfo|Win32.ActiveCfg = RelWithDebInfo|Win32
		{E4FED826-DDB6-3CE6-87F5-547C847FE20D}.RelWithDebInfo|Win32.Build.0 = RelWithDebInfo|Win32
		{6536631A-1277-3316-AD41-8ABD16DDD9AB}.Debug|Win32.ActiveCfg = Debug|Win32
		{6536631A-1277-3316-AD41-8ABD16DDD9AB}.Debug|Win32.Build.0 = Debug|Win32
		{6536631A-1277-3316-AD41-8ABD16DDD9AB}.Release|Win32.ActiveCfg = Release|Win32
		{6536631A-1277-3316-AD41-8ABD16DDD9AB}.Release|Win32.Build.0 = Release|Win32
		{6536631A-1277-3316-AD41-8ABD16DDD9AB}.MinSizeRel|Win32.ActiveCfg = MinSizeRel|Win32
		{6536631A-1277-3316-AD41-8ABD16DDD9AB}.MinSizeRel|Win32.Build.0 = MinSizeRel|Win32
		{6536631A-1277-3316-AD41-8ABD16DDD9AB}.RelWithDebInfo|Win32.ActiveCfg = RelWithDebInfo|Win32
		{6536631A-1277-3316-AD41-8ABD16DDD9AB}.RelWithDebInfo|Win32.Build.0 = RelWithDebInfo|Win32
		{11E6B119-41F0-3B21-9631-C2EC05828DD7}.Debug|Win32.ActiveCfg = Debug|Win32
		{11E6B119-41F0-3B21-9631-C2EC05828DD7}.Debug|Win32.Build.0 = Debug|Win32
		{11E6B119-41F0-3B21-9631-C2EC05828DD7}.Release|Win32.ActiveCfg = Release|Win32
		{11E6B119-41F0-3B21-9631-C2EC05828DD7}.Release|Win32.Build.0 = Release|Win32
		{11E6B119-41F0-3B21-9631-C2EC05828DD7}.MinSizeRel|Win32.ActiveCfg = MinSizeRel|Win32
		{11E6B119-41F0-3B21-9631-C2EC05828DD7}.MinSizeRel|Win32.Build.0 = MinSizeRel|Win32
		{11E6B119-41F0-3B21-9631-C2EC05828DD7}.RelWithDebInfo|Win32.ActiveCfg = RelWithDebInfo|Win32
		{11E6B119-41F0-3B21-9631-C2EC05828DD7}.RelWithDebInfo|Win32.Build.0 = RelWithDebInfo|Win32
		{690C67CE-B119-371E-A2C9-E910C52BF44F}.Debug|Win32.ActiveCfg = Debug|Win32
		{690C67CE-B119-371E-A2C9-E910C52BF44F}.Debug|Win32.Build.0 = Debug|Win32
		{690C67CE-B119-371E-A2C9-E910C52BF44F}.Release|Win32.ActiveCfg = Release|Win32
		{690C67CE-B119-371E-A2C9-E910C52BF44F}.Release|Win32.Build.0 = Release|Win32
		{690C67CE-B119-371E-A2C9-E910C52BF44F}.MinSizeRel|Win32.ActiveCfg = MinSizeRel|Win32
		{690C67CE-B119-371E-A2C9-E910C52BF44F}.MinSizeRel|Win32.Build.0 = MinSizeRel|Win32
		{690C67CE-B119-371E-A2C9-E910C52BF44F}.RelWithDebInfo|Win32.ActiveCfg = RelWithDebInfo|Win32
		{690C67CE-B119-371E-A2C9-E910C52BF44F}.RelWithDebInfo|Win32.Build.0 = RelWithDebInfo|Win32
		{61082F02-7B2A-3294-A61D-96B495E30BD8}.Debug|Win32.ActiveCfg = Debug|Win32
		{61082F02-7B2A-3294-A61D-96B495E30BD8}.Debug|Win32.Build.0 = Debug|Win32
		{61082F02-7B2A-3294-A61D-96B495E30BD8}.Release|Win32.ActiveCfg = Release|Win32
		{61082F02-7B2A-3294-A61D-96B495E30BD8}.Release|Win32.Build.0 = Release|Win32
		{61082F02-7B2A-3294-A61D-96B495E30BD8}.MinSizeRel|Win32.ActiveCfg = MinSizeRel|Win32
		{61082F02-7B2A-3294-A61D-96B495E30BD8}.MinSizeRel|Win32.Build.0 = MinSizeRel|Win32
		{61082F02-7B2A-3294-A61D-96B495E30BD8}.RelWithDebInfo|Win32.ActiveCfg = RelWithDebInfo|Win32
		{61082F02-7B2A-3294-A61D-96B495E30BD8}.RelWithDebInfo|Win32.Build.0 = RelWithDebInfo|Win32
		{771EC8E4-A639-3253-BE12-2D932506AA40}.Debug|Win32.ActiveCfg = Debug|Win32
		{771EC8E4-A639-3253-BE12-2D932506AA40}.Debug|Win32.Build.0 = Debug|Win32
		{771EC8E4-A639-3253-BE12-2D932506AA40}.Release|Win32.ActiveCfg = Release|Win32
		{771EC8E4-A639-3253-BE12-2D932506AA40}.Release|Win32.Build.0 = Release|Win32
		{771EC8E4-A639-3253-BE12-2D932506AA40}.MinSizeRel|Win32.ActiveCfg = MinSizeRel|Win32
		{771EC8E4-A639-3253-BE12-2D932506AA40}.MinSizeRel|Win32.Build.0 = MinSizeRel|Win32
		{771EC8E4-A639-3253-BE12-2D932506AA40}.RelWithDebInfo|Win32.ActiveCfg = RelWithDebInfo|Win32
		{771EC8E4-A639-3253-BE12-2D932506AA40}.RelWithDebInfo|Win32.Build.0 = RelWithDebInfo|Win32
		{FFD5EA71-B7EE-39CE-B78B-D50D09C855F8}.Debug|Win32.ActiveCfg = Debug|Win32
		{FFD5EA71-B7EE-39CE-B78B-D50D09C855F8}.Debug|Win32.Build.0 = Debug|Win32
		{FFD5EA71-B7EE-39CE-B78B-D50D09C855F8}.Release|Win32.ActiveCfg = Release|Win32
		{FFD5EA71-B7EE-39CE-B78B-D50D09C855F8}.Release|Win32.Build.0 = Release|Win32
		{FFD5EA71-B7EE-39CE-B78B-D50D09C855F8}.MinSizeRel|Win32.ActiveCfg = MinSizeRel|Win32
		{FFD5EA71-B7EE-39CE-B78B-D50D09C855F8}.MinSizeRel|Win32.Build.0 = MinSizeRel|Win32
		{FFD5EA71-B7EE-39CE-B78B-D50D09C855F8}.RelWithDebInfo|Win32.ActiveCfg = RelWithDebInfo|Win32
		{FFD5EA71-B7EE-39CE-B78B-D50D09C855F8}.RelWithDebInfo|Win32.Build.0 = RelWithDebInfo|Win32
		{4A88DAA5-B847-3360-BE68-22E1E7EBB81F}.Debug|Win32.ActiveCfg = Debug|Win32
		{4A88DAA5-B847-3360-BE68-22E1E7EBB81F}.Debug|Win32.Build.0 = Debug|Win32
		{4A88DAA5-B847-3360-BE68-22E1E7EBB81F}.Release|Win32.ActiveCfg = Release|Win32
		{4A88DAA5-B847-3360-BE68-22E1E7EBB81F}.Release|Win32.Build.0 = Release|Win32
		{4A88DAA5-B847-3360-BE68-22E1E7EBB81F}.MinSizeRel|Win32.ActiveCfg = MinSizeRel|Win32
		{4A88DAA5-B847-3360-BE68-22E1E7EBB81F}.MinSizeRel|Win32.Build.0 = MinSizeRel|Win32
		{4A88DAA5-B847-3360-BE68-22E1E7EBB81F}.RelWithDebInfo|Win32.ActiveCfg = RelWithDebInfo|Win32
		{4A88DAA5-B847-3360-BE68-22E1E7EBB81F}.RelWithDebInfo|Win32.Build.0 = RelWithDebInfo|Win32
		{16114BCF-8442-32DA-B5B2-E0F31CF4B5C3}.Debug|Win32.ActiveCfg = Debug|Win32
		{16114BCF-8442-32DA-B5B2-E0F31CF4B5C3}.Debug|Win32.Build.0 = Debug|Win32
		{16114BCF-8442-32DA-B5B2-E0F31CF4B5C3}.Release|Win32.ActiveCfg = Release|Win32
		{16114BCF-8442-32DA-B5B2-E0F31CF4B5C3}.Release|Win32.Build.0 = Release|Win32
		{16114BCF-8442-32DA-B5B2-E0F31CF4B5C3}.MinSizeRel|Win32.ActiveCfg = MinSizeRel|Win32
		{16114BCF-8442-32DA-B5B2-E0F31CF4B5C3}.MinSizeRel|Win32.Build.0 = MinSizeRel|Win32
		{16114BCF-8442-32DA-B5B2-E0F31CF4B5C3}.RelWithDebInfo|Win32.ActiveCfg = RelWithDebInfo|Win32
		{16114BCF-8442-32DA-B5B2-E0F31CF4B5C3}.RelWithDebInfo|Win32.Build.0 = RelWithDebInfo|Win32
		{B161207E-FF1A-3E7F-AA91-E45876EC604B}.Debug|Win32.ActiveCfg = Debug|Win32
		{B161207E-FF1A-3E7F-AA91-E45876EC604B}.Debug|Win32.Build.0 = Debug|Win32
		{B161207E-FF1A-3E7F-AA91-E45876EC604B}.Release|Win32.ActiveCfg = Release|Win32
		{B161207E-FF1A-3E7F-AA91-E45876EC604B}.Release|Win32.Build.0 = Release|Win32
		{B161207E-FF1A-3E7F-AA91-E45876EC604B}.MinSizeRel|Win32.ActiveCfg = MinSizeRel|Win32
		{B161207E-FF1A-3E7F-AA91-E45876EC604B}.MinSizeRel|Win32.Build.0 = MinSizeRel|Win32
		{B161207E-FF1A-3E7F-AA91-E45876EC604B}.RelWithDebInfo|Win32.ActiveCfg = RelWithDebInfo|Win32
		{B161207E-FF1A-3E7F-AA91-E45876EC604B}.RelWithDebInfo|Win32.Build.0 = RelWithDebInfo|Win32
		{7361E785-4920-34FD-AD0F-4C67F9F3568D}.Debug|Win32.ActiveCfg = Debug|Win32
		{7361E785-4920-34FD-AD0F-4C67F9F3568D}.Debug|Win32.Build.0 = Debug|Win32
		{7361E785-4920-34FD-AD0F-4C67F9F3568D}.Release|Win32.ActiveCfg = Release|Win32
		{7361E785-4920-34FD-AD0F-4C67F9F3568D}.Release|Win32.Build.0 = Release|Win32
		{7361E785-4920-34FD-AD0F-4C67F9F3568D}.MinSizeRel|Win32.ActiveCfg = MinSizeRel|Win32
		{7361E785-4920-34FD-AD0F-4C67F9F3568D}.MinSizeRel|Win32.Build.0 = MinSizeRel|Win32
		{7361E785-4920-34FD-AD0F-4C67F9F3568D}.RelWithDebInfo|Win32.ActiveCfg = RelWithDebInfo|Win32
		{7361E785-4920-34FD-AD0F-4C67F9F3568D}.RelWithDebInfo|Win32.Build.0 = RelWithDebInfo|Win32
		{A238FE80-7212-3470-9C4F-FEA876F7F6EC}.Debug|Win32.ActiveCfg = Debug|Win32
		{A238FE80-7212-3470-9C4F-FEA876F7F6EC}.Debug|Win32.Build.0 = Debug|Win32
		{A238FE80-7212-3470-9C4F-FEA876F7F6EC}.Release|Win32.ActiveCfg = Release|Win32
		{A238FE80-7212-3470-9C4F-FEA876F7F6EC}.Release|Win32.Build.0 = Release|Win32
		{A238FE80-7212-3470-9C4F-FEA876F7F6EC}.MinSizeRel|Win32.ActiveCfg = MinSizeRel|Win32
		{A238FE80-7212-3470-9C4F-FEA876F7F6EC}.MinSizeRel|Win32.Build.0 = MinSizeRel|Win32
		{A238FE80-7212-3470-9C4F-FEA876F7F6EC}.RelWithDebInfo|Win32.ActiveCfg = RelWithDebInfo|Win32
		{A238FE80-7212-3470-9C4F-FEA876F7F6EC}.RelWithDebInfo|Win32.Build.0 = RelWithDebInfo|Win32
	EndGlobalSection
	GlobalSection(NestedProjects) = preSolution
		{848B57F4-25C7-3A4D-8BB3-4655D0C8B831} = {C411C42D-A3A9-3469-95A2-B4036DEB0AAA}
		{2416892D-D041-3C7A-A539-3A11B4F5DE6A} = {C411C42D-A3A9-3469-95A2-B4036DEB0AAA}
		{6536631A-1277-3316-AD41-8ABD16DDD9AB} = {44D4A253-8FA5-38F8-B536-99567853721A}
		{11E6B119-41F0-3B21-9631-C2EC05828DD7} = {44D4A253-8FA5-38F8-B536-99567853721A}
		{690C67CE-B119-371E-A2C9-E910C52BF44F} = {44D4A253-8FA5-38F8-B536-99567853721A}
		{61082F02-7B2A-3294-A61D-96B495E30BD8} = {44D4A253-8FA5-38F8-B536-99567853721A}
		{771EC8E4-A639-3253-BE12-2D932506AA40} = {44D4A253-8FA5-38F8-B536-99567853721A}
		{FFD5EA71-B7EE-39CE-B78B-D50D09C855F8} = {44D4A253-8FA5-38F8-B536-99567853721A}
		{4A88DAA5-B847-3360-BE68-22E1E7EBB81F} = {44D4A253-8FA5-38F8-B536-99567853721A}
		{16114BCF-8442-32DA-B5B2-E0F31CF4B5C3} = {44D4A253-8FA5-38F8-B536-99567853721A}
		{B161207E-FF1A-3E7F-AA91-E45876EC604B} = {44D4A253-8FA5-38F8-B536-99567853721A}
		{7361E785-4920-34FD-AD0F-4C67F9F3568D} = {44D4A253-8FA5-38F8-B536-99567853721A}
		{A238FE80-7212-3470-9C4F-FEA876F7F6EC} = {44D4A253-8FA5-38F8-B536-99567853721A}
		{E4FED826-DDB6-3CE6-87F5-547C847FE20D} = {842FA437-E3A8-32D3-9DF6-AB32FE89AFFB}
	EndGlobalSection
	GlobalSection(ExtensibilityGlobals) = postSolution
		SolutionGuid = {8E14906C-4947-3858-89BB-D2305B312334}
	EndGlobalSection
	GlobalSection(ExtensibilityAddIns) = postSolution
	EndGlobalSection
EndGlobal
